// !$*UTF8*$!
{
	archiveVersion = 1;
	classes = {
	};
	objectVersion = 46;
	objects = {

/* Begin PBXBuildFile section */
		975544D91F03DECB00D9417E /* AppDelegate.swift in Sources */ = {isa = PBXBuildFile; fileRef = 975544D81F03DECB00D9417E /* AppDelegate.swift */; };
		975544DB1F03DECB00D9417E /* ViewController.swift in Sources */ = {isa = PBXBuildFile; fileRef = 975544DA1F03DECB00D9417E /* ViewController.swift */; };
		975544DE1F03DECB00D9417E /* Main.storyboard in Resources */ = {isa = PBXBuildFile; fileRef = 975544DC1F03DECB00D9417E /* Main.storyboard */; };
		975544E01F03DECB00D9417E /* Assets.xcassets in Resources */ = {isa = PBXBuildFile; fileRef = 975544DF1F03DECB00D9417E /* Assets.xcassets */; };
		975544E31F03DECB00D9417E /* LaunchScreen.storyboard in Resources */ = {isa = PBXBuildFile; fileRef = 975544E11F03DECB00D9417E /* LaunchScreen.storyboard */; };
		975544EE1F03DECB00D9417E /* CalcTests.swift in Sources */ = {isa = PBXBuildFile; fileRef = 975544ED1F03DECB00D9417E /* CalcTests.swift */; };
		975544F91F03DECB00D9417E /* CalcUITests.swift in Sources */ = {isa = PBXBuildFile; fileRef = 975544F81F03DECB00D9417E /* CalcUITests.swift */; };
/* End PBXBuildFile section */

/* Begin PBXContainerItemProxy section */
		975544EA1F03DECB00D9417E /* PBXContainerItemProxy */ = {
			isa = PBXContainerItemProxy;
			containerPortal = 975544CD1F03DECA00D9417E /* Project object */;
			proxyType = 1;
			remoteGlobalIDString = 975544D41F03DECA00D9417E;
			remoteInfo = Calc;
		};
		975544F51F03DECB00D9417E /* PBXContainerItemProxy */ = {
			isa = PBXContainerItemProxy;
			containerPortal = 975544CD1F03DECA00D9417E /* Project object */;
			proxyType = 1;
			remoteGlobalIDString = 975544D41F03DECA00D9417E;
			remoteInfo = Calc;
		};
/* End PBXContainerItemProxy section */

/* Begin PBXFileReference section */
		975544D51F03DECB00D9417E /* Calc.app */ = {isa = PBXFileReference; explicitFileType = wrapper.application; includeInIndex = 0; path = Calc.app; sourceTree = BUILT_PRODUCTS_DIR; };
		975544D81F03DECB00D9417E /* AppDelegate.swift */ = {isa = PBXFileReference; lastKnownFileType = sourcecode.swift; path = AppDelegate.swift; sourceTree = "<group>"; };
		975544DA1F03DECB00D9417E /* ViewController.swift */ = {isa = PBXFileReference; lastKnownFileType = sourcecode.swift; path = ViewController.swift; sourceTree = "<group>"; };
		975544DD1F03DECB00D9417E /* Base */ = {isa = PBXFileReference; lastKnownFileType = file.storyboard; name = Base; path = Base.lproj/Main.storyboard; sourceTree = "<group>"; };
		975544DF1F03DECB00D9417E /* Assets.xcassets */ = {isa = PBXFileReference; lastKnownFileType = folder.assetcatalog; path = Assets.xcassets; sourceTree = "<group>"; };
		975544E21F03DECB00D9417E /* Base */ = {isa = PBXFileReference; lastKnownFileType = file.storyboard; name = Base; path = Base.lproj/LaunchScreen.storyboard; sourceTree = "<group>"; };
		975544E41F03DECB00D9417E /* Info.plist */ = {isa = PBXFileReference; lastKnownFileType = text.plist.xml; path = Info.plist; sourceTree = "<group>"; };
		975544E91F03DECB00D9417E /* CalcTests.xctest */ = {isa = PBXFileReference; explicitFileType = wrapper.cfbundle; includeInIndex = 0; path = CalcTests.xctest; sourceTree = BUILT_PRODUCTS_DIR; };
		975544ED1F03DECB00D9417E /* CalcTests.swift */ = {isa = PBXFileReference; lastKnownFileType = sourcecode.swift; path = CalcTests.swift; sourceTree = "<group>"; };
		975544EF1F03DECB00D9417E /* Info.plist */ = {isa = PBXFileReference; lastKnownFileType = text.plist.xml; path = Info.plist; sourceTree = "<group>"; };
		975544F41F03DECB00D9417E /* CalcUITests.xctest */ = {isa = PBXFileReference; explicitFileType = wrapper.cfbundle; includeInIndex = 0; path = CalcUITests.xctest; sourceTree = BUILT_PRODUCTS_DIR; };
		975544F81F03DECB00D9417E /* CalcUITests.swift */ = {isa = PBXFileReference; lastKnownFileType = sourcecode.swift; path = CalcUITests.swift; sourceTree = "<group>"; };
		975544FA1F03DECB00D9417E /* Info.plist */ = {isa = PBXFileReference; lastKnownFileType = text.plist.xml; path = Info.plist; sourceTree = "<group>"; };
/* End PBXFileReference section */

/* Begin PBXFrameworksBuildPhase section */
		975544D21F03DECA00D9417E /* Frameworks */ = {
			isa = PBXFrameworksBuildPhase;
			buildActionMask = 2147483647;
			files = (
			);
			runOnlyForDeploymentPostprocessing = 0;
		};
		975544E61F03DECB00D9417E /* Frameworks */ = {
			isa = PBXFrameworksBuildPhase;
			buildActionMask = 2147483647;
			files = (
			);
			runOnlyForDeploymentPostprocessing = 0;
		};
		975544F11F03DECB00D9417E /* Frameworks */ = {
			isa = PBXFrameworksBuildPhase;
			buildActionMask = 2147483647;
			files = (
			);
			runOnlyForDeploymentPostprocessing = 0;
		};
/* End PBXFrameworksBuildPhase section */

/* Begin PBXGroup section */
		975544CC1F03DECA00D9417E = {
			isa = PBXGroup;
			children = (
				975544D71F03DECB00D9417E /* Calc */,
				975544EC1F03DECB00D9417E /* CalcTests */,
				975544F71F03DECB00D9417E /* CalcUITests */,
				975544D61F03DECB00D9417E /* Products */,
			);
			sourceTree = "<group>";
		};
		975544D61F03DECB00D9417E /* Products */ = {
			isa = PBXGroup;
			children = (
				975544D51F03DECB00D9417E /* Calc.app */,
				975544E91F03DECB00D9417E /* CalcTests.xctest */,
				975544F41F03DECB00D9417E /* CalcUITests.xctest */,
			);
			name = Products;
			sourceTree = "<group>";
		};
		975544D71F03DECB00D9417E /* Calc */ = {
			isa = PBXGroup;
			children = (
				975544D81F03DECB00D9417E /* AppDelegate.swift */,
				975544DA1F03DECB00D9417E /* ViewController.swift */,
				975544DC1F03DECB00D9417E /* Main.storyboard */,
				975544DF1F03DECB00D9417E /* Assets.xcassets */,
				975544E11F03DECB00D9417E /* LaunchScreen.storyboard */,
				975544E41F03DECB00D9417E /* Info.plist */,
			);
			path = Calc;
			sourceTree = "<group>";
		};
		975544EC1F03DECB00D9417E /* CalcTests */ = {
			isa = PBXGroup;
			children = (
				975544ED1F03DECB00D9417E /* CalcTests.swift */,
				975544EF1F03DECB00D9417E /* Info.plist */,
			);
			path = CalcTests;
			sourceTree = "<group>";
		};
		975544F71F03DECB00D9417E /* CalcUITests */ = {
			isa = PBXGroup;
			children = (
				975544F81F03DECB00D9417E /* CalcUITests.swift */,
				975544FA1F03DECB00D9417E /* Info.plist */,
			);
			path = CalcUITests;
			sourceTree = "<group>";
		};
/* End PBXGroup section */

/* Begin PBXNativeTarget section */
		975544D41F03DECA00D9417E /* Calc */ = {
			isa = PBXNativeTarget;
			buildConfigurationList = 975544FD1F03DECB00D9417E /* Build configuration list for PBXNativeTarget "Calc" */;
			buildPhases = (
				975544D11F03DECA00D9417E /* Sources */,
				975544D21F03DECA00D9417E /* Frameworks */,
				975544D31F03DECA00D9417E /* Resources */,
			);
			buildRules = (
			);
			dependencies = (
			);
			name = Calc;
			productName = Calc;
			productReference = 975544D51F03DECB00D9417E /* Calc.app */;
			productType = "com.apple.product-type.application";
		};
		975544E81F03DECB00D9417E /* CalcTests */ = {
			isa = PBXNativeTarget;
			buildConfigurationList = 975545001F03DECB00D9417E /* Build configuration list for PBXNativeTarget "CalcTests" */;
			buildPhases = (
				975544E51F03DECB00D9417E /* Sources */,
				975544E61F03DECB00D9417E /* Frameworks */,
				975544E71F03DECB00D9417E /* Resources */,
			);
			buildRules = (
			);
			dependencies = (
				975544EB1F03DECB00D9417E /* PBXTargetDependency */,
			);
			name = CalcTests;
			productName = CalcTests;
			productReference = 975544E91F03DECB00D9417E /* CalcTests.xctest */;
			productType = "com.apple.product-type.bundle.unit-test";
		};
		975544F31F03DECB00D9417E /* CalcUITests */ = {
			isa = PBXNativeTarget;
			buildConfigurationList = 975545031F03DECB00D9417E /* Build configuration list for PBXNativeTarget "CalcUITests" */;
			buildPhases = (
				975544F01F03DECB00D9417E /* Sources */,
				975544F11F03DECB00D9417E /* Frameworks */,
				975544F21F03DECB00D9417E /* Resources */,
			);
			buildRules = (
			);
			dependencies = (
				975544F61F03DECB00D9417E /* PBXTargetDependency */,
			);
			name = CalcUITests;
			productName = CalcUITests;
			productReference = 975544F41F03DECB00D9417E /* CalcUITests.xctest */;
			productType = "com.apple.product-type.bundle.ui-testing";
		};
/* End PBXNativeTarget section */

/* Begin PBXProject section */
		975544CD1F03DECA00D9417E /* Project object */ = {
			isa = PBXProject;
			attributes = {
				LastSwiftUpdateCheck = 0820;
				LastUpgradeCheck = 0820;
				ORGANIZATIONNAME = "Cursos BMA juliol 2017";
				TargetAttributes = {
					975544D41F03DECA00D9417E = {
						CreatedOnToolsVersion = 8.2.1;
						ProvisioningStyle = Automatic;
					};
					975544E81F03DECB00D9417E = {
						CreatedOnToolsVersion = 8.2.1;
						ProvisioningStyle = Automatic;
						TestTargetID = 975544D41F03DECA00D9417E;
					};
					975544F31F03DECB00D9417E = {
						CreatedOnToolsVersion = 8.2.1;
						ProvisioningStyle = Automatic;
						TestTargetID = 975544D41F03DECA00D9417E;
					};
				};
			};
			buildConfigurationList = 975544D01F03DECA00D9417E /* Build configuration list for PBXProject "Calc" */;
			compatibilityVersion = "Xcode 3.2";
			developmentRegion = English;
			hasScannedForEncodings = 0;
			knownRegions = (
				en,
				Base,
			);
			mainGroup = 975544CC1F03DECA00D9417E;
			productRefGroup = 975544D61F03DECB00D9417E /* Products */;
			projectDirPath = "";
			projectRoot = "";
			targets = (
				975544D41F03DECA00D9417E /* Calc */,
				975544E81F03DECB00D9417E /* CalcTests */,
				975544F31F03DECB00D9417E /* CalcUITests */,
			);
		};
/* End PBXProject section */

/* Begin PBXResourcesBuildPhase section */
		975544D31F03DECA00D9417E /* Resources */ = {
			isa = PBXResourcesBuildPhase;
			buildActionMask = 2147483647;
			files = (
				975544E31F03DECB00D9417E /* LaunchScreen.storyboard in Resources */,
				975544E01F03DECB00D9417E /* Assets.xcassets in Resources */,
				975544DE1F03DECB00D9417E /* Main.storyboard in Resources */,
			);
			runOnlyForDeploymentPostprocessing = 0;
		};
		975544E71F03DECB00D9417E /* Resources */ = {
			isa = PBXResourcesBuildPhase;
			buildActionMask = 2147483647;
			files = (
			);
			runOnlyForDeploymentPostprocessing = 0;
		};
		975544F21F03DECB00D9417E /* Resources */ = {
			isa = PBXResourcesBuildPhase;
			buildActionMask = 2147483647;
			files = (
			);
			runOnlyForDeploymentPostprocessing = 0;
		};
/* End PBXResourcesBuildPhase section */

/* Begin PBXSourcesBuildPhase section */
		975544D11F03DECA00D9417E /* Sources */ = {
			isa = PBXSourcesBuildPhase;
			buildActionMask = 2147483647;
			files = (
				975544DB1F03DECB00D9417E /* ViewController.swift in Sources */,
				975544D91F03DECB00D9417E /* AppDelegate.swift in Sources */,
			);
			runOnlyForDeploymentPostprocessing = 0;
		};
		975544E51F03DECB00D9417E /* Sources */ = {
			isa = PBXSourcesBuildPhase;
			buildActionMask = 2147483647;
			files = (
				975544EE1F03DECB00D9417E /* CalcTests.swift in Sources */,
			);
			runOnlyForDeploymentPostprocessing = 0;
		};
		975544F01F03DECB00D9417E /* Sources */ = {
			isa = PBXSourcesBuildPhase;
			buildActionMask = 2147483647;
			files = (
				975544F91F03DECB00D9417E /* CalcUITests.swift in Sources */,
			);
			runOnlyForDeploymentPostprocessing = 0;
		};
/* End PBXSourcesBuildPhase section */

/* Begin PBXTargetDependency section */
		975544EB1F03DECB00D9417E /* PBXTargetDependency */ = {
			isa = PBXTargetDependency;
			target = 975544D41F03DECA00D9417E /* Calc */;
			targetProxy = 975544EA1F03DECB00D9417E /* PBXContainerItemProxy */;
		};
		975544F61F03DECB00D9417E /* PBXTargetDependency */ = {
			isa = PBXTargetDependency;
			target = 975544D41F03DECA00D9417E /* Calc */;
			targetProxy = 975544F51F03DECB00D9417E /* PBXContainerItemProxy */;
		};
/* End PBXTargetDependency section */

/* Begin PBXVariantGroup section */
		975544DC1F03DECB00D9417E /* Main.storyboard */ = {
			isa = PBXVariantGroup;
			children = (
				975544DD1F03DECB00D9417E /* Base */,
			);
			name = Main.storyboard;
			sourceTree = "<group>";
		};
		975544E11F03DECB00D9417E /* LaunchScreen.storyboard */ = {
			isa = PBXVariantGroup;
			children = (
				975544E21F03DECB00D9417E /* Base */,
			);
			name = LaunchScreen.storyboard;
			sourceTree = "<group>";
		};
/* End PBXVariantGroup section */

/* Begin XCBuildConfiguration section */
		975544FB1F03DECB00D9417E /* Debug */ = {
			isa = XCBuildConfiguration;
			buildSettings = {
				ALWAYS_SEARCH_USER_PATHS = NO;
				CLANG_ANALYZER_NONNULL = YES;
				CLANG_CXX_LANGUAGE_STANDARD = "gnu++0x";
				CLANG_CXX_LIBRARY = "libc++";
				CLANG_ENABLE_MODULES = YES;
				CLANG_ENABLE_OBJC_ARC = YES;
				CLANG_WARN_BOOL_CONVERSION = YES;
				CLANG_WARN_CONSTANT_CONVERSION = YES;
				CLANG_WARN_DIRECT_OBJC_ISA_USAGE = YES_ERROR;
				CLANG_WARN_DOCUMENTATION_COMMENTS = YES;
				CLANG_WARN_EMPTY_BODY = YES;
				CLANG_WARN_ENUM_CONVERSION = YES;
				CLANG_WARN_INFINITE_RECURSION = YES;
				CLANG_WARN_INT_CONVERSION = YES;
				CLANG_WARN_OBJC_ROOT_CLASS = YES_ERROR;
				CLANG_WARN_SUSPICIOUS_MOVE = YES;
				CLANG_WARN_UNREACHABLE_CODE = YES;
				CLANG_WARN__DUPLICATE_METHOD_MATCH = YES;
				"CODE_SIGN_IDENTITY[sdk=iphoneos*]" = "iPhone Developer";
				COPY_PHASE_STRIP = NO;
				DEBUG_INFORMATION_FORMAT = dwarf;
				ENABLE_STRICT_OBJC_MSGSEND = YES;
				ENABLE_TESTABILITY = YES;
				GCC_C_LANGUAGE_STANDARD = gnu99;
				GCC_DYNAMIC_NO_PIC = NO;
				GCC_NO_COMMON_BLOCKS = YES;
				GCC_OPTIMIZATION_LEVEL = 0;
				GCC_PREPROCESSOR_DEFINITIONS = (
					"DEBUG=1",
					"$(inherited)",
				);
				GCC_WARN_64_TO_32_BIT_CONVERSION = YES;
				GCC_WARN_ABOUT_RETURN_TYPE = YES_ERROR;
				GCC_WARN_UNDECLARED_SELECTOR = YES;
				GCC_WARN_UNINITIALIZED_AUTOS = YES_AGGRESSIVE;
				GCC_WARN_UNUSED_FUNCTION = YES;
				GCC_WARN_UNUSED_VARIABLE = YES;
				IPHONEOS_DEPLOYMENT_TARGET = 10.2;
				MTL_ENABLE_DEBUG_INFO = YES;
				ONLY_ACTIVE_ARCH = YES;
				SDKROOT = iphoneos;
				SWIFT_ACTIVE_COMPILATION_CONDITIONS = DEBUG;
				SWIFT_OPTIMIZATION_LEVEL = "-Onone";
				TARGETED_DEVICE_FAMILY = "1,2";
			};
			name = Debug;
		};
		975544FC1F03DECB00D9417E /* Release */ = {
			isa = XCBuildConfiguration;
			buildSettings = {
				ALWAYS_SEARCH_USER_PATHS = NO;
				CLANG_ANALYZER_NONNULL = YES;
				CLANG_CXX_LANGUAGE_STANDARD = "gnu++0x";
				CLANG_CXX_LIBRARY = "libc++";
				CLANG_ENABLE_MODULES = YES;
				CLANG_ENABLE_OBJC_ARC = YES;
				CLANG_WARN_BOOL_CONVERSION = YES;
				CLANG_WARN_CONSTANT_CONVERSION = YES;
				CLANG_WARN_DIRECT_OBJC_ISA_USAGE = YES_ERROR;
				CLANG_WARN_DOCUMENTATION_COMMENTS = YES;
				CLANG_WARN_EMPTY_BODY = YES;
				CLANG_WARN_ENUM_CONVERSION = YES;
				CLANG_WARN_INFINITE_RECURSION = YES;
				CLANG_WARN_INT_CONVERSION = YES;
				CLANG_WARN_OBJC_ROOT_CLASS = YES_ERROR;
				CLANG_WARN_SUSPICIOUS_MOVE = YES;
				CLANG_WARN_UNREACHABLE_CODE = YES;
				CLANG_WARN__DUPLICATE_METHOD_MATCH = YES;
				"CODE_SIGN_IDENTITY[sdk=iphoneos*]" = "iPhone Developer";
				COPY_PHASE_STRIP = NO;
				DEBUG_INFORMATION_FORMAT = "dwarf-with-dsym";
				ENABLE_NS_ASSERTIONS = NO;
				ENABLE_STRICT_OBJC_MSGSEND = YES;
				GCC_C_LANGUAGE_STANDARD = gnu99;
				GCC_NO_COMMON_BLOCKS = YES;
				GCC_WARN_64_TO_32_BIT_CONVERSION = YES;
				GCC_WARN_ABOUT_RETURN_TYPE = YES_ERROR;
				GCC_WARN_UNDECLARED_SELECTOR = YES;
				GCC_WARN_UNINITIALIZED_AUTOS = YES_AGGRESSIVE;
				GCC_WARN_UNUSED_FUNCTION = YES;
				GCC_WARN_UNUSED_VARIABLE = YES;
				IPHONEOS_DEPLOYMENT_TARGET = 10.2;
				MTL_ENABLE_DEBUG_INFO = NO;
				SDKROOT = iphoneos;
				SWIFT_OPTIMIZATION_LEVEL = "-Owholemodule";
				TARGETED_DEVICE_FAMILY = "1,2";
				VALIDATE_PRODUCT = YES;
			};
			name = Release;
		};
		975544FE1F03DECB00D9417E /* Debug */ = {
			isa = XCBuildConfiguration;
			buildSettings = {
				ASSETCATALOG_COMPILER_APPICON_NAME = AppIcon;
				INFOPLIST_FILE = Calc/Info.plist;
				LD_RUNPATH_SEARCH_PATHS = "$(inherited) @executable_path/Frameworks";
				PRODUCT_BUNDLE_IDENTIFIER = m.Calc;
				PRODUCT_NAME = "$(TARGET_NAME)";
				SWIFT_VERSION = 3.0;
			};
			name = Debug;
		};
		975544FF1F03DECB00D9417E /* Release */ = {
			isa = XCBuildConfiguration;
			buildSettings = {
				ASSETCATALOG_COMPILER_APPICON_NAME = AppIcon;
				INFOPLIST_FILE = Calc/Info.plist;
				LD_RUNPATH_SEARCH_PATHS = "$(inherited) @executable_path/Frameworks";
				PRODUCT_BUNDLE_IDENTIFIER = m.Calc;
				PRODUCT_NAME = "$(TARGET_NAME)";
				SWIFT_VERSION = 3.0;
			};
			name = Release;
		};
		975545011F03DECB00D9417E /* Debug */ = {
			isa = XCBuildConfiguration;
			buildSettings = {
				ALWAYS_EMBED_SWIFT_STANDARD_LIBRARIES = YES;
				BUNDLE_LOADER = "$(TEST_HOST)";
				INFOPLIST_FILE = CalcTests/Info.plist;
				LD_RUNPATH_SEARCH_PATHS = "$(inherited) @executable_path/Frameworks @loader_path/Frameworks";
				PRODUCT_BUNDLE_IDENTIFIER = m.CalcTests;
				PRODUCT_NAME = "$(TARGET_NAME)";
				SWIFT_VERSION = 3.0;
				TEST_HOST = "$(BUILT_PRODUCTS_DIR)/Calc.app/Calc";
			};
			name = Debug;
		};
		975545021F03DECB00D9417E /* Release */ = {
			isa = XCBuildConfiguration;
			buildSettings = {
				ALWAYS_EMBED_SWIFT_STANDARD_LIBRARIES = YES;
				BUNDLE_LOADER = "$(TEST_HOST)";
				INFOPLIST_FILE = CalcTests/Info.plist;
				LD_RUNPATH_SEARCH_PATHS = "$(inherited) @executable_path/Frameworks @loader_path/Frameworks";
				PRODUCT_BUNDLE_IDENTIFIER = m.CalcTests;
				PRODUCT_NAME = "$(TARGET_NAME)";
				SWIFT_VERSION = 3.0;
				TEST_HOST = "$(BUILT_PRODUCTS_DIR)/Calc.app/Calc";
			};
			name = Release;
		};
		975545041F03DECB00D9417E /* Debug */ = {
			isa = XCBuildConfiguration;
			buildSettings = {
				ALWAYS_EMBED_SWIFT_STANDARD_LIBRARIES = YES;
				INFOPLIST_FILE = CalcUITests/Info.plist;
				LD_RUNPATH_SEARCH_PATHS = "$(inherited) @executable_path/Frameworks @loader_path/Frameworks";
				PRODUCT_BUNDLE_IDENTIFIER = m.CalcUITests;
				PRODUCT_NAME = "$(TARGET_NAME)";
				SWIFT_VERSION = 3.0;
				TEST_TARGET_NAME = Calc;
			};
			name = Debug;
		};
		975545051F03DECB00D9417E /* Release */ = {
			isa = XCBuildConfiguration;
			buildSettings = {
				ALWAYS_EMBED_SWIFT_STANDARD_LIBRARIES = YES;
				INFOPLIST_FILE = CalcUITests/Info.plist;
				LD_RUNPATH_SEARCH_PATHS = "$(inherited) @executable_path/Frameworks @loader_path/Frameworks";
				PRODUCT_BUNDLE_IDENTIFIER = m.CalcUITests;
				PRODUCT_NAME = "$(TARGET_NAME)";
				SWIFT_VERSION = 3.0;
				TEST_TARGET_NAME = Calc;
			};
			name = Release;
		};
/* End XCBuildConfiguration section */

/* Begin XCConfigurationList section */
		975544D01F03DECA00D9417E /* Build configuration list for PBXProject "Calc" */ = {
			isa = XCConfigurationList;
			buildConfigurations = (
				975544FB1F03DECB00D9417E /* Debug */,
				975544FC1F03DECB00D9417E /* Release */,
			);
			defaultConfigurationIsVisible = 0;
			defaultConfigurationName = Release;
		};
		975544FD1F03DECB00D9417E /* Build configuration list for PBXNativeTarget "Calc" */ = {
			isa = XCConfigurationList;
			buildConfigurations = (
				975544FE1F03DECB00D9417E /* Debug */,
				975544FF1F03DECB00D9417E /* Release */,
			);
			defaultConfigurationIsVisible = 0;
		};
		975545001F03DECB00D9417E /* Build configuration list for PBXNativeTarget "CalcTests" */ = {
			isa = XCConfigurationList;
			buildConfigurations = (
				975545011F03DECB00D9417E /* Debug */,
				975545021F03DECB00D9417E /* Release */,
			);
			defaultConfigurationIsVisible = 0;
		};
		975545031F03DECB00D9417E /* Build configuration list for PBXNativeTarget "CalcUITests" */ = {
			isa = XCConfigurationList;
			buildConfigurations = (
				975545041F03DECB00D9417E /* Debug */,
				975545051F03DECB00D9417E /* Release */,
			);
			defaultConfigurationIsVisible = 0;
		};
/* End XCConfigurationList section */
	};
	rootObject = 975544CD1F03DECA00D9417E /* Project object */;
}
